<?xml version="1.0" encoding="utf-8"?>
<Project ToolsVersion="4.0" xmlns="http://schemas.microsoft.com/developer/msbuild/2003">
  <ItemGroup>
    <ClCompile Include="main.cpp" />
    <ClCompile Include="src\game\SeparateFunction.cpp" />
    <ClCompile Include="src\Logic\Evaluator.cpp" />
    <ClCompile Include="src\core\Card.cpp" />
    <ClCompile Include="src\core\Deck.cpp" />
    <ClCompile Include="src\visual\Menu.cpp" />
    <ClCompile Include="src\game\leaderboard.cpp" />
    <ClCompile Include="src\modes\drawTable.cpp" />
    <ClCompile Include="src\core\Hand.cpp" />
    <ClCompile Include="src\game\House.cpp" />
    <ClCompile Include="src\core\Player.cpp" />
    <ClCompile Include="src\modes\studTable.cpp" />
    <ClCompile Include="src\modes\superTable.cpp" />
    <ClCompile Include="src\core\Table.cpp" />
    <ClCompile Include="src\modes\texasTable.cpp" />
    <ClCompile Include="src\visual\ImgCard.cpp" />
    <ClCompile Include="src\visual\PlayerSelection.cpp" />
    <ClCompile Include="src\visual\PlayerInfoInput.cpp" />
    <ClCompile Include="src\visual\CheckPlayer.cpp" />
  </ItemGroup>
  <ItemGroup>
    <ClInclude Include="headers\core\Card.h" />
    <ClInclude Include="headers\core\Deck.h" />
    <ClInclude Include="headers\visual\Menu.h" />
    <ClInclude Include="headers\game\leaderboard.h" />
    <ClInclude Include="headers\game\SeparateFunction.h" />
    <ClInclude Include="headers\Logic\Evaluator.h" />
    <ClInclude Include="headers\modes\drawTable.h" />
    <ClInclude Include="headers\core\Hand.h" />
    <ClInclude Include="headers\game\House.h" />
    <ClInclude Include="headers\core\Player.h" />
    <ClInclude Include="headers\modes\studTable.h" />
    <ClInclude Include="headers\modes\superTable.h" />
    <ClInclude Include="headers\core\Table.h" />
    <ClInclude Include="headers\modes\texasTable.h" />
    <ClInclude Include="include\gameModes.h" />
    <ClInclude Include="include\gameObject.h" />
    <ClInclude Include="include\nlohmann\adl_serializer.hpp" />
    <ClInclude Include="include\nlohmann\byte_container_with_subtype.hpp" />
    <ClInclude Include="include\nlohmann\detail\abi_macros.hpp" />
    <ClInclude Include="include\nlohmann\detail\conversions\from_json.hpp" />
    <ClInclude Include="include\nlohmann\detail\conversions\to_chars.hpp" />
    <ClInclude Include="include\nlohmann\detail\conversions\to_json.hpp" />
    <ClInclude Include="include\nlohmann\detail\exceptions.hpp" />
    <ClInclude Include="include\nlohmann\detail\hash.hpp" />
    <ClInclude Include="include\nlohmann\detail\input\binary_reader.hpp" />
    <ClInclude Include="include\nlohmann\detail\input\input_adapters.hpp" />
    <ClInclude Include="include\nlohmann\detail\input\json_sax.hpp" />
    <ClInclude Include="include\nlohmann\detail\input\lexer.hpp" />
    <ClInclude Include="include\nlohmann\detail\input\parser.hpp" />
    <ClInclude Include="include\nlohmann\detail\input\position_t.hpp" />
    <ClInclude Include="include\nlohmann\detail\iterators\internal_iterator.hpp" />
    <ClInclude Include="include\nlohmann\detail\iterators\iteration_proxy.hpp" />
    <ClInclude Include="include\nlohmann\detail\iterators\iterator_traits.hpp" />
    <ClInclude Include="include\nlohmann\detail\iterators\iter_impl.hpp" />
    <ClInclude Include="include\nlohmann\detail\iterators\json_reverse_iterator.hpp" />
    <ClInclude Include="include\nlohmann\detail\iterators\primitive_iterator.hpp" />
    <ClInclude Include="include\nlohmann\detail\json_custom_base_class.hpp" />
    <ClInclude Include="include\nlohmann\detail\json_pointer.hpp" />
    <ClInclude Include="include\nlohmann\detail\json_ref.hpp" />
    <ClInclude Include="include\nlohmann\detail\macro_scope.hpp" />
    <ClInclude Include="include\nlohmann\detail\macro_unscope.hpp" />
    <ClInclude Include="include\nlohmann\detail\meta\call_std\begin.hpp" />
    <ClInclude Include="include\nlohmann\detail\meta\call_std\end.hpp" />
    <ClInclude Include="include\nlohmann\detail\meta\cpp_future.hpp" />
    <ClInclude Include="include\nlohmann\detail\meta\detected.hpp" />
    <ClInclude Include="include\nlohmann\detail\meta\identity_tag.hpp" />
    <ClInclude Include="include\nlohmann\detail\meta\is_sax.hpp" />
    <ClInclude Include="include\nlohmann\detail\meta\std_fs.hpp" />
    <ClInclude Include="include\nlohmann\detail\meta\type_traits.hpp" />
    <ClInclude Include="include\nlohmann\detail\meta\void_t.hpp" />
    <ClInclude Include="include\nlohmann\detail\output\binary_writer.hpp" />
    <ClInclude Include="include\nlohmann\detail\output\output_adapters.hpp" />
    <ClInclude Include="include\nlohmann\detail\output\serializer.hpp" />
    <ClInclude Include="include\nlohmann\detail\string_concat.hpp" />
    <ClInclude Include="include\nlohmann\detail\string_escape.hpp" />
    <ClInclude Include="include\nlohmann\detail\value_t.hpp" />
    <ClInclude Include="include\nlohmann\json.hpp" />
    <ClInclude Include="include\nlohmann\json_fwd.hpp" />
    <ClInclude Include="include\nlohmann\ordered_map.hpp" />
    <ClInclude Include="include\nlohmann\thirdparty\hedley\hedley.hpp" />
    <ClInclude Include="include\nlohmann\thirdparty\hedley\hedley_undef.hpp" />
    <ClInclude Include="headers\visual\ImgCard.h" />
    <ClInclude Include="headers\visual\PlayerSelection.h" />
    <ClInclude Include="headers\game\GameState.h" />
    <ClInclude Include="headers\visual\PlayerInfoInput.h" />
    <ClInclude Include="headers\visual\CheckPlayer.h" />
  </ItemGroup>
  <ItemGroup>
    <Font Include="Resources\Font\arial.ttf" />
    <Font Include="Resources\Font\Pangolin-Regular.ttf" />
    <Font Include="Pangolin-Regular.ttf" />
  </ItemGroup>
  <ItemGroup>
    <None Include="cpp.hint" />
  </ItemGroup>
  <ItemGroup>
    <Image Include="Resources\images\icon.png" />
    <Image Include="Resources\images\logo.png" />
  </ItemGroup>
</Project>